lockfileVersion: '6.0'

settings:
  autoInstallPeers: true
  excludeLinksFromLockfile: false

dependencies:
  crypto-js:
    specifier: ^4.2.0
    version: 4.2.0
  js-base64:
    specifier: ^3.7.7
    version: 3.7.7

devDependencies:
  '@surely-vue/table':
    specifier: ^4.2.13
    version: 4.2.13(vue@3.3.8)
  '@types/crypto-js':
    specifier: ^4.2.2
    version: 4.2.2

packages:

  /@ant-design/colors@6.0.0:
    resolution: {integrity: sha512-qAZRvPzfdWHtfameEGP2Qvuf838NhergR35o+EuVyB5XvSA98xod5r4utvi4TJ3ywmevm290g9nsCG5MryrdWQ==}
    dependencies:
      '@ctrl/tinycolor': 3.6.1
    dev: true

  /@ant-design/colors@7.0.0:
    resolution: {integrity: sha512-iVm/9PfGCbC0dSMBrz7oiEXZaaGH7ceU40OJEfKmyuzR9R5CRimJYPlRiFtMQGQcbNMea/ePcoIebi4ASGYXtg==}
    dependencies:
      '@ctrl/tinycolor': 3.6.1
    dev: true

  /@ant-design/icons-svg@4.3.1:
    resolution: {integrity: sha512-4QBZg8ccyC6LPIRii7A0bZUk3+lEDCLnhB+FVsflGdcWPPmV+j3fire4AwwoqHV/BibgvBmR9ZIo4s867smv+g==}
    dev: true

  /@ant-design/icons-vue@6.1.0(vue@3.3.8):
    resolution: {integrity: sha512-EX6bYm56V+ZrKN7+3MT/ubDkvJ5rK/O2t380WFRflDcVFgsvl3NLH7Wxeau6R8DbrO5jWR6DSTC3B6gYFp77AA==}
    peerDependencies:
      vue: '>=3.0.3'
    dependencies:
      '@ant-design/colors': 6.0.0
      '@ant-design/icons-svg': 4.3.1
      vue: 3.3.8
    dev: true

  /@ant-design/icons-vue@7.0.1(vue@3.3.8):
    resolution: {integrity: sha512-eCqY2unfZK6Fe02AwFlDHLfoyEFreP6rBwAZMIJ1LugmfMiVgwWDYlp1YsRugaPtICYOabV1iWxXdP12u9U43Q==}
    peerDependencies:
      vue: '>=3.0.3'
    dependencies:
      '@ant-design/colors': 6.0.0
      '@ant-design/icons-svg': 4.3.1
      vue: 3.3.8
    dev: true

  /@babel/helper-string-parser@7.22.5:
    resolution: {integrity: sha512-mM4COjgZox8U+JcXQwPijIZLElkgEpO5rsERVDJTc2qfCDfERyob6k5WegS14SX18IIjv+XD+GrqNumY5JRCDw==}
    engines: {node: '>=6.9.0'}
    dev: true

  /@babel/helper-validator-identifier@7.22.20:
    resolution: {integrity: sha512-Y4OZ+ytlatR8AI+8KZfKuL5urKp7qey08ha31L8b3BwewJAoJamTzyvxPR/5D+KkdJCGPq/+8TukHBlY10FX9A==}
    engines: {node: '>=6.9.0'}
    dev: true

  /@babel/parser@7.23.0:
    resolution: {integrity: sha512-vvPKKdMemU85V9WE/l5wZEmImpCtLqbnTvqDS2U1fJ96KrxoW7KrXhNsNCblQlg8Ck4b85yxdTyelsMUgFUXiw==}
    engines: {node: '>=6.0.0'}
    hasBin: true
    dependencies:
      '@babel/types': 7.23.0
    dev: true

  /@babel/runtime@7.23.2:
    resolution: {integrity: sha512-mM8eg4yl5D6i3lu2QKPuPH4FArvJ8KhTofbE7jwMUv9KX5mBvwPAqnV3MlyBNqdp9RyRKP6Yck8TrfYrPvX3bg==}
    engines: {node: '>=6.9.0'}
    dependencies:
      regenerator-runtime: 0.14.0
    dev: true

  /@babel/types@7.23.0:
    resolution: {integrity: sha512-0oIyUfKoI3mSqMvsxBdclDwxXKXAUA8v/apZbc+iSyARYou1o8ZGDxbUYyLFoW2arqS2jDGqJuZvv1d/io1axg==}
    engines: {node: '>=6.9.0'}
    dependencies:
      '@babel/helper-string-parser': 7.22.5
      '@babel/helper-validator-identifier': 7.22.20
      to-fast-properties: 2.0.0
    dev: true

  /@ctrl/tinycolor@3.6.1:
    resolution: {integrity: sha512-SITSV6aIXsuVNV3f3O0f2n/cgyEDWoSqtZMYiAmcsYHydcKrOz3gUxB/iXd/Qf08+IZX4KpgNbvUdMBmWz+kcA==}
    engines: {node: '>=10'}
    dev: true

  /@emotion/hash@0.9.1:
    resolution: {integrity: sha512-gJB6HLm5rYwSLI6PQa+X1t5CFGrv1J1TWG+sOyMCeKz2ojaj6Fnl/rZEspogG+cvqbt4AE/2eIyD2QfLKTBNlQ==}
    dev: true

  /@emotion/unitless@0.8.1:
    resolution: {integrity: sha512-KOEGMu6dmJZtpadb476IsZBclKvILjopjUii3V+7MnXIQCYh8W3NgNcgwo21n9LXZX6EDIKvqfjYxXebDwxKmQ==}
    dev: true

  /@jridgewell/sourcemap-codec@1.4.15:
    resolution: {integrity: sha512-eF2rxCRulEKXHTRiDrDy6erMYWqNw4LPdQ8UQA4huuxaQsVeRPFl2oM8oDGxMFhJUWZf9McpLtJasDDZb/Bpeg==}
    dev: true

  /@simonwep/pickr@1.8.2:
    resolution: {integrity: sha512-/l5w8BIkrpP6n1xsetx9MWPWlU6OblN5YgZZphxan0Tq4BByTCETL6lyIeY8lagalS2Nbt4F2W034KHLIiunKA==}
    dependencies:
      core-js: 3.33.2
      nanopop: 2.3.0
    dev: true

  /@surely-vue/table@4.2.13(vue@3.3.8):
    resolution: {integrity: sha512-TaeZe/Q7K+VKfpowef/ZXL+XFzqmIEv1+JipgyRU0Yz3WuaR/Z6fuUKC0i9gNdaHesnBFYYShYJJMwCkc4E6CA==}
    engines: {node: '>=12.0.0'}
    peerDependencies:
      vue: ^3.2.34
    dependencies:
      '@ant-design/colors': 7.0.0
      '@ant-design/icons-vue': 6.1.0(vue@3.3.8)
      ant-design-vue: 4.0.6(vue@3.3.8)
      lodash-es: 4.17.21
      resize-observer-polyfill: 1.5.1
      vue: 3.3.8
    dev: true

  /@types/crypto-js@4.2.2:
    resolution: {integrity: sha512-sDOLlVbHhXpAUAL0YHDUUwDZf3iN4Bwi4W6a0W0b+QcAezUbRtH4FVb+9J4h+XFPW7l/gQ9F8qC7P+Ec4k8QVQ==}
    dev: true

  /@vue/compiler-core@3.3.8:
    resolution: {integrity: sha512-hN/NNBUECw8SusQvDSqqcVv6gWq8L6iAktUR0UF3vGu2OhzRqcOiAno0FmBJWwxhYEXRlQJT5XnoKsVq1WZx4g==}
    dependencies:
      '@babel/parser': 7.23.0
      '@vue/shared': 3.3.8
      estree-walker: 2.0.2
      source-map-js: 1.0.2
    dev: true

  /@vue/compiler-dom@3.3.8:
    resolution: {integrity: sha512-+PPtv+p/nWDd0AvJu3w8HS0RIm/C6VGBIRe24b9hSyNWOAPEUosFZ5diwawwP8ip5sJ8n0Pe87TNNNHnvjs0FQ==}
    dependencies:
      '@vue/compiler-core': 3.3.8
      '@vue/shared': 3.3.8
    dev: true

  /@vue/compiler-sfc@3.3.8:
    resolution: {integrity: sha512-WMzbUrlTjfYF8joyT84HfwwXo+8WPALuPxhy+BZ6R4Aafls+jDBnSz8PDz60uFhuqFbl3HxRfxvDzrUf3THwpA==}
    dependencies:
      '@babel/parser': 7.23.0
      '@vue/compiler-core': 3.3.8
      '@vue/compiler-dom': 3.3.8
      '@vue/compiler-ssr': 3.3.8
      '@vue/reactivity-transform': 3.3.8
      '@vue/shared': 3.3.8
      estree-walker: 2.0.2
      magic-string: 0.30.5
      postcss: 8.4.31
      source-map-js: 1.0.2
    dev: true

  /@vue/compiler-ssr@3.3.8:
    resolution: {integrity: sha512-hXCqQL/15kMVDBuoBYpUnSYT8doDNwsjvm3jTefnXr+ytn294ySnT8NlsFHmTgKNjwpuFy7XVV8yTeLtNl/P6w==}
    dependencies:
      '@vue/compiler-dom': 3.3.8
      '@vue/shared': 3.3.8
    dev: true

  /@vue/reactivity-transform@3.3.8:
    resolution: {integrity: sha512-49CvBzmZNtcHua0XJ7GdGifM8GOXoUMOX4dD40Y5DxI3R8OUhMlvf2nvgUAcPxaXiV5MQQ1Nwy09ADpnLQUqRw==}
    dependencies:
      '@babel/parser': 7.23.0
      '@vue/compiler-core': 3.3.8
      '@vue/shared': 3.3.8
      estree-walker: 2.0.2
      magic-string: 0.30.5
    dev: true

  /@vue/reactivity@3.3.8:
    resolution: {integrity: sha512-ctLWitmFBu6mtddPyOKpHg8+5ahouoTCRtmAHZAXmolDtuZXfjL2T3OJ6DL6ezBPQB1SmMnpzjiWjCiMYmpIuw==}
    dependencies:
      '@vue/shared': 3.3.8
    dev: true

  /@vue/runtime-core@3.3.8:
    resolution: {integrity: sha512-qurzOlb6q26KWQ/8IShHkMDOuJkQnQcTIp1sdP4I9MbCf9FJeGVRXJFr2mF+6bXh/3Zjr9TDgURXrsCr9bfjUw==}
    dependencies:
      '@vue/reactivity': 3.3.8
      '@vue/shared': 3.3.8
    dev: true

  /@vue/runtime-dom@3.3.8:
    resolution: {integrity: sha512-Noy5yM5UIf9UeFoowBVgghyGGPIDPy1Qlqt0yVsUdAVbqI8eeMSsTqBtauaEoT2UFXUk5S64aWVNJN4MJ2vRdA==}
    dependencies:
      '@vue/runtime-core': 3.3.8
      '@vue/shared': 3.3.8
      csstype: 3.1.2
    dev: true

  /@vue/server-renderer@3.3.8(vue@3.3.8):
    resolution: {integrity: sha512-zVCUw7RFskvPuNlPn/8xISbrf0zTWsTSdYTsUTN1ERGGZGVnRxM2QZ3x1OR32+vwkkCm0IW6HmJ49IsPm7ilLg==}
    peerDependencies:
      vue: 3.3.8
    dependencies:
      '@vue/compiler-ssr': 3.3.8
      '@vue/shared': 3.3.8
      vue: 3.3.8
    dev: true

  /@vue/shared@3.3.8:
    resolution: {integrity: sha512-8PGwybFwM4x8pcfgqEQFy70NaQxASvOC5DJwLQfpArw1UDfUXrJkdxD3BhVTMS+0Lef/TU7YO0Jvr0jJY8T+mw==}
    dev: true

  /ant-design-vue@4.0.6(vue@3.3.8):
    resolution: {integrity: sha512-6kh3b8Ito9SAbOKTW0wyfcCnd859uhQQlttjo8RjMj6YjLK52yNO2TdgYRwed06scUm5RwEnQ2JKMxYYoeG1MA==}
    engines: {node: '>=12.22.0'}
    peerDependencies:
      vue: '>=3.2.0'
    dependencies:
      '@ant-design/colors': 6.0.0
      '@ant-design/icons-vue': 7.0.1(vue@3.3.8)
      '@babel/runtime': 7.23.2
      '@ctrl/tinycolor': 3.6.1
      '@emotion/hash': 0.9.1
      '@emotion/unitless': 0.8.1
      '@simonwep/pickr': 1.8.2
      array-tree-filter: 2.1.0
      async-validator: 4.2.5
      csstype: 3.1.2
      dayjs: 1.11.10
      dom-align: 1.12.4
      dom-scroll-into-view: 2.0.1
      lodash: 4.17.21
      lodash-es: 4.17.21
      resize-observer-polyfill: 1.5.1
      scroll-into-view-if-needed: 2.2.31
      shallow-equal: 1.2.1
      stylis: 4.3.0
      throttle-debounce: 5.0.0
      vue: 3.3.8
      vue-types: 3.0.2(vue@3.3.8)
      warning: 4.0.3
    dev: true

  /array-tree-filter@2.1.0:
    resolution: {integrity: sha512-4ROwICNlNw/Hqa9v+rk5h22KjmzB1JGTMVKP2AKJBOCgb0yL0ASf0+YvCcLNNwquOHNX48jkeZIJ3a+oOQqKcw==}
    dev: true

  /async-validator@4.2.5:
    resolution: {integrity: sha512-7HhHjtERjqlNbZtqNqy2rckN/SpOOlmDliet+lP7k+eKZEjPk3DgyeU9lIXLdeLz0uBbbVp+9Qdow9wJWgwwfg==}
    dev: true

  /compute-scroll-into-view@1.0.20:
    resolution: {integrity: sha512-UCB0ioiyj8CRjtrvaceBLqqhZCVP+1B8+NWQhmdsm0VXOJtobBCf1dBQmebCCo34qZmUwZfIH2MZLqNHazrfjg==}
    dev: true

  /core-js@3.33.2:
    resolution: {integrity: sha512-XeBzWI6QL3nJQiHmdzbAOiMYqjrb7hwU7A39Qhvd/POSa/t9E1AeZyEZx3fNvp/vtM8zXwhoL0FsiS0hD0pruQ==}
    requiresBuild: true
    dev: true

  /crypto-js@4.2.0:
    resolution: {integrity: sha512-KALDyEYgpY+Rlob/iriUtjV6d5Eq+Y191A5g4UqLAi8CyGP9N1+FdVbkc1SxKc2r4YAYqG8JzO2KGL+AizD70Q==}
    dev: false

  /csstype@3.1.2:
    resolution: {integrity: sha512-I7K1Uu0MBPzaFKg4nI5Q7Vs2t+3gWWW648spaF+Rg7pI9ds18Ugn+lvg4SHczUdKlHI5LWBXyqfS8+DufyBsgQ==}
    dev: true

  /dayjs@1.11.10:
    resolution: {integrity: sha512-vjAczensTgRcqDERK0SR2XMwsF/tSvnvlv6VcF2GIhg6Sx4yOIt/irsr1RDJsKiIyBzJDpCoXiWWq28MqH2cnQ==}
    dev: true

  /dom-align@1.12.4:
    resolution: {integrity: sha512-R8LUSEay/68zE5c8/3BDxiTEvgb4xZTF0RKmAHfiEVN3klfIpXfi2/QCoiWPccVQ0J/ZGdz9OjzL4uJEP/MRAw==}
    dev: true

  /dom-scroll-into-view@2.0.1:
    resolution: {integrity: sha512-bvVTQe1lfaUr1oFzZX80ce9KLDlZ3iU+XGNE/bz9HnGdklTieqsbmsLHe+rT2XWqopvL0PckkYqN7ksmm5pe3w==}
    dev: true

  /estree-walker@2.0.2:
    resolution: {integrity: sha512-Rfkk/Mp/DL7JVje3u18FxFujQlTNR2q6QfMSMB7AvCBx91NGj/ba3kCfza0f6dVDbw7YlRf/nDrn7pQrCCyQ/w==}
    dev: true

  /is-plain-object@3.0.1:
    resolution: {integrity: sha512-Xnpx182SBMrr/aBik8y+GuR4U1L9FqMSojwDQwPMmxyC6bvEqly9UBCxhauBF5vNh2gwWJNX6oDV7O+OM4z34g==}
    engines: {node: '>=0.10.0'}
    dev: true

  /js-base64@3.7.7:
    resolution: {integrity: sha512-7rCnleh0z2CkXhH67J8K1Ytz0b2Y+yxTPL+/KOJoa20hfnVQ/3/T6W/KflYI4bRHRagNeXeU2bkNGI3v1oS/lw==}
    dev: false

  /js-tokens@4.0.0:
    resolution: {integrity: sha512-RdJUflcE3cUzKiMqQgsCu06FPu9UdIJO0beYbPhHN4k6apgJtifcoCtT9bcxOpYBtpD2kCM6Sbzg4CausW/PKQ==}
    dev: true

  /lodash-es@4.17.21:
    resolution: {integrity: sha512-mKnC+QJ9pWVzv+C4/U3rRsHapFfHvQFoFB92e52xeyGMcX6/OlIl78je1u8vePzYZSkkogMPJ2yjxxsb89cxyw==}
    dev: true

  /lodash@4.17.21:
    resolution: {integrity: sha512-v2kDEe57lecTulaDIuNTPy3Ry4gLGJ6Z1O3vE1krgXZNrsQ+LFTGHVxVjcXPs17LhbZVGedAJv8XZ1tvj5FvSg==}
    dev: true

  /loose-envify@1.4.0:
    resolution: {integrity: sha512-lyuxPGr/Wfhrlem2CL/UcnUc1zcqKAImBDzukY7Y5F/yQiNdko6+fRLevlw1HgMySw7f611UIY408EtxRSoK3Q==}
    hasBin: true
    dependencies:
      js-tokens: 4.0.0
    dev: true

  /magic-string@0.30.5:
    resolution: {integrity: sha512-7xlpfBaQaP/T6Vh8MO/EqXSW5En6INHEvEXQiuff7Gku0PWjU3uf6w/j9o7O+SpB5fOAkrI5HeoNgwjEO0pFsA==}
    engines: {node: '>=12'}
    dependencies:
      '@jridgewell/sourcemap-codec': 1.4.15
    dev: true

  /nanoid@3.3.7:
    resolution: {integrity: sha512-eSRppjcPIatRIMC1U6UngP8XFcz8MQWGQdt1MTBQ7NaAmvXDfvNxbvWV3x2y6CdEUciCSsDHDQZbhYaB8QEo2g==}
    engines: {node: ^10 || ^12 || ^13.7 || ^14 || >=15.0.1}
    hasBin: true
    dev: true

  /nanopop@2.3.0:
    resolution: {integrity: sha512-fzN+T2K7/Ah25XU02MJkPZ5q4Tj5FpjmIYq4rvoHX4yb16HzFdCO6JxFFn5Y/oBhQ8no8fUZavnyIv9/+xkBBw==}
    dev: true

  /picocolors@1.0.0:
    resolution: {integrity: sha512-1fygroTLlHu66zi26VoTDv8yRgm0Fccecssto+MhsZ0D/DGW2sm8E8AjW7NU5VVTRt5GxbeZ5qBuJr+HyLYkjQ==}
    dev: true

  /postcss@8.4.31:
    resolution: {integrity: sha512-PS08Iboia9mts/2ygV3eLpY5ghnUcfLV/EXTOW1E2qYxJKGGBUtNjN76FYHnMs36RmARn41bC0AZmn+rR0OVpQ==}
    engines: {node: ^10 || ^12 || >=14}
    dependencies:
      nanoid: 3.3.7
      picocolors: 1.0.0
      source-map-js: 1.0.2
    dev: true

  /regenerator-runtime@0.14.0:
    resolution: {integrity: sha512-srw17NI0TUWHuGa5CFGGmhfNIeja30WMBfbslPNhf6JrqQlLN5gcrvig1oqPxiVaXb0oW0XRKtH6Nngs5lKCIA==}
    dev: true

  /resize-observer-polyfill@1.5.1:
    resolution: {integrity: sha512-LwZrotdHOo12nQuZlHEmtuXdqGoOD0OhaxopaNFxWzInpEgaLWoVuAMbTzixuosCx2nEG58ngzW3vxdWoxIgdg==}
    dev: true

  /scroll-into-view-if-needed@2.2.31:
    resolution: {integrity: sha512-dGCXy99wZQivjmjIqihaBQNjryrz5rueJY7eHfTdyWEiR4ttYpsajb14rn9s5d4DY4EcY6+4+U/maARBXJedkA==}
    dependencies:
      compute-scroll-into-view: 1.0.20
    dev: true

  /shallow-equal@1.2.1:
    resolution: {integrity: sha512-S4vJDjHHMBaiZuT9NPb616CSmLf618jawtv3sufLl6ivK8WocjAo58cXwbRV1cgqxH0Qbv+iUt6m05eqEa2IRA==}
    dev: true

  /source-map-js@1.0.2:
    resolution: {integrity: sha512-R0XvVJ9WusLiqTCEiGCmICCMplcCkIwwR11mOSD9CR5u+IXYdiseeEuXCVAjS54zqwkLcPNnmU4OeJ6tUrWhDw==}
    engines: {node: '>=0.10.0'}
    dev: true

  /stylis@4.3.0:
    resolution: {integrity: sha512-E87pIogpwUsUwXw7dNyU4QDjdgVMy52m+XEOPEKUn161cCzWjjhPSQhByfd1CcNvrOLnXQ6OnnZDwnJrz/Z4YQ==}
    dev: true

  /throttle-debounce@5.0.0:
    resolution: {integrity: sha512-2iQTSgkkc1Zyk0MeVrt/3BvuOXYPl/R8Z0U2xxo9rjwNciaHDG3R+Lm6dh4EeUci49DanvBnuqI6jshoQQRGEg==}
    engines: {node: '>=12.22'}
    dev: true

  /to-fast-properties@2.0.0:
    resolution: {integrity: sha512-/OaKK0xYrs3DmxRYqL/yDc+FxFUVYhDlXMhRmv3z915w2HF1tnN1omB354j8VUGO/hbRzyD6Y3sA7v7GS/ceog==}
    engines: {node: '>=4'}
    dev: true

  /vue-types@3.0.2(vue@3.3.8):
    resolution: {integrity: sha512-IwUC0Aq2zwaXqy74h4WCvFCUtoV0iSWr0snWnE9TnU18S66GAQyqQbRf2qfJtUuiFsBf6qp0MEwdonlwznlcrw==}
    engines: {node: '>=10.15.0'}
    peerDependencies:
      vue: ^3.0.0
    dependencies:
      is-plain-object: 3.0.1
      vue: 3.3.8
    dev: true

  /vue@3.3.8:
    resolution: {integrity: sha512-5VSX/3DabBikOXMsxzlW8JyfeLKlG9mzqnWgLQLty88vdZL7ZJgrdgBOmrArwxiLtmS+lNNpPcBYqrhE6TQW5w==}
    peerDependencies:
      typescript: '*'
    peerDependenciesMeta:
      typescript:
        optional: true
    dependencies:
      '@vue/compiler-dom': 3.3.8
      '@vue/compiler-sfc': 3.3.8
      '@vue/runtime-dom': 3.3.8
      '@vue/server-renderer': 3.3.8(vue@3.3.8)
      '@vue/shared': 3.3.8
    dev: true

  /warning@4.0.3:
    resolution: {integrity: sha512-rpJyN222KWIvHJ/F53XSZv0Zl/accqHR8et1kpaMTD/fLCRxtV8iX8czMzY7sVZupTI3zcUTg8eycS2kNF9l6w==}
    dependencies:
      loose-envify: 1.4.0
    dev: true
